
Microsoft Visual Studio Solution File, Format Version 12.00
# Visual Studio 15
VisualStudioVersion = 15.0.28307.572
MinimumVisualStudioVersion = 10.0.40219.1
Project("{FAE04EC0-301F-11D3-BF4B-00C04F79EFBC}") = "ATLifier", "ATLifier\ATLifier.csproj", "{7E747E7D-2A1A-404A-A919-D93D96F0F248}"
EndProject
Global
	GlobalSection(SolutionConfigurationPlatforms) = preSolution
		Debug|Any CPU = Debug|Any CPU
		Release|Any CPU = Release|Any CPU
	EndGlobalSection
	GlobalSection(ProjectConfigurationPlatforms) = postSolution
		{7E747E7D-2A1A-404A-A919-D93D96F0F248}.Debug|Any CPU.ActiveCfg = Debug|Any CPU
		{7E747E7D-2A1A-404A-A919-D93D96F0F248}.Debug|Any CPU.Build.0 = Debug|Any CPU
		{7E747E7D-2A1A-404A-A919-D93D96F0F248}.Release|Any CPU.ActiveCfg = Release|Any CPU
		{7E747E7D-2A1A-404A-A919-D93D96F0F248}.Release|Any CPU.Build.0 = Release|Any CPU
	EndGlobalSection
	GlobalSection(SolutionProperties) = preSolution
		HideSolutionNode = FALSE
	EndGlobalSection
	GlobalSection(ExtensibilityGlobals) = postSolution
		SolutionGuid = {5E90FEE2-D7B5-43A1-819A-8062366C9DB2}
	EndGlobalSection
EndGlobal
